
Microsoft Visual Studio Solution File, Format Version 12.00
# Visual Studio Version 17
VisualStudioVersion = 17.5.002.0
MinimumVisualStudioVersion = 10.0.40219.1
Project("{9A19103F-16F7-4668-BE54-9A1E7A4F7556}") = "api_demo", "api_demo.csproj", "{3B5CF222-201D-49F9-A67B-9680E6FD2BF9}"
EndProject
Global
	GlobalSection(SolutionConfigurationPlatforms) = preSolution
		Debug|Any CPU = Debug|Any CPU
		Release|Any CPU = Release|Any CPU
	EndGlobalSection
	GlobalSection(ProjectConfigurationPlatforms) = postSolution
		{3B5CF222-201D-49F9-A67B-9680E6FD2BF9}.Debug|Any CPU.ActiveCfg = Debug|Any CPU
		{3B5CF222-201D-49F9-A67B-9680E6FD2BF9}.Debug|Any CPU.Build.0 = Debug|Any CPU
		{3B5CF222-201D-49F9-A67B-9680E6FD2BF9}.Release|Any CPU.ActiveCfg = Release|Any CPU
		{3B5CF222-201D-49F9-A67B-9680E6FD2BF9}.Release|Any CPU.Build.0 = Release|Any CPU
	EndGlobalSection
	GlobalSection(SolutionProperties) = preSolution
		HideSolutionNode = FALSE
	EndGlobalSection
	GlobalSection(ExtensibilityGlobals) = postSolution
		SolutionGuid = {1E3BD505-A505-44EC-BE7C-C6A6AC1CDF09}
	EndGlobalSection
EndGlobal
